
Microsoft Visual Studio Solution File, Format Version 12.00
Project("{FAE04EC0-301F-11D3-BF4B-00C04F79EFBC}") = "Web", "Web\Web.csproj", "{82E2D8EC-E0B2-4FCB-AA31-E0AB2C532418}"
EndProject
Project("{2150E333-8FDC-42A3-9474-1A3956D46DE8}") = "Solution Items", "Solution Items", "{6E010607-1AE3-4DC6-9A06-38D2FA027634}"
ProjectSection(SolutionItems) = preProject
	.editorconfig = .editorconfig
EndProjectSection
EndProject
Global
	GlobalSection(SolutionConfigurationPlatforms) = preSolution
		Debug|Any CPU = Debug|Any CPU
		Release|Any CPU = Release|Any CPU
	EndGlobalSection
	GlobalSection(ProjectConfigurationPlatforms) = postSolution
		{82E2D8EC-E0B2-4FCB-AA31-E0AB2C532418}.Debug|Any CPU.ActiveCfg = Debug|Any CPU
		{82E2D8EC-E0B2-4FCB-AA31-E0AB2C532418}.Debug|Any CPU.Build.0 = Debug|Any CPU
		{82E2D8EC-E0B2-4FCB-AA31-E0AB2C532418}.Release|Any CPU.ActiveCfg = Release|Any CPU
		{82E2D8EC-E0B2-4FCB-AA31-E0AB2C532418}.Release|Any CPU.Build.0 = Release|Any CPU
	EndGlobalSection
EndGlobal
